# IF THERE'S A GIT CONFLICT IN THIS FILE, DON'T SOLVE IT MANUALLY!
# INSTEAD EXECUTE `prisma migrate fix`
# Prisma Migrate lockfile v1
# Read more about conflict resolution here: TODO

20200502234238-init
20200510083228-add-password-to-users
20200517100335-add-updated-at-to-notes
20200520010015-create-task-and-task-list
20200520010522-add-title-to-tasks